Microsoft Visual Studio Solution File, Format Version 12.00
# Visual Studio Version 17
VisualStudioVersion = 17.3.32922.545
MinimumVisualStudioVersion = 10.0.40219.1
Project("{9A19103F-16F7-4668-BE54-9A1E7A4F7556}") = "PreciseAlloy.Web", "PreciseAlloy.Web\PreciseAlloy.Web.csproj", "{A4A87032-BD03-4D51-9653-3ED3803FB62B}"
EndProject
Project("{9A19103F-16F7-4668-BE54-9A1E7A4F7556}") = "PreciseAlloy.Models", "PreciseAlloy.Models\PreciseAlloy.Models.csproj", "{3F775F66-2C33-4725-82F4-82649423DCFB}"
EndProject
Project("{9A19103F-16F7-4668-BE54-9A1E7A4F7556}") = "PreciseAlloy.Services", "PreciseAlloy.Services\PreciseAlloy.Services.csproj", "{4C60C6E9-24CB-44AA-BBEE-ED59C01EDA20}"
EndProject
Project("{9A19103F-16F7-4668-BE54-9A1E7A4F7556}") = "PreciseAlloy.Utils", "PreciseAlloy.Utils\PreciseAlloy.Utils.csproj", "{EC96FBA7-BC1E-41E6-BBC2-384692C7ED60}"
EndProject
Project("{9A19103F-16F7-4668-BE54-9A1E7A4F7556}") = "PreciseAlloy.Jobs", "PreciseAlloy.Jobs\PreciseAlloy.Jobs.csproj", "{119E4450-9842-4C6E-BECE-5F11A1B73C4A}"
EndProject
Project("{2150E333-8FDC-42A3-9474-1A3956D46DE8}") = "Solution Items", "Solution Items", "{4A01CBF9-3A02-48C2-B9F7-B898C3A2525B}"
EndProject
Global
	GlobalSection(SolutionConfigurationPlatforms) = preSolution
		Debug|Any CPU = Debug|Any CPU
		Release|Any CPU = Release|Any CPU
	EndGlobalSection
	GlobalSection(ProjectConfigurationPlatforms) = postSolution
		{A4A87032-BD03-4D51-9653-3ED3803FB62B}.Debug|Any CPU.ActiveCfg = Debug|Any CPU
		{A4A87032-BD03-4D51-9653-3ED3803FB62B}.Debug|Any CPU.Build.0 = Debug|Any CPU
		{A4A87032-BD03-4D51-9653-3ED3803FB62B}.Release|Any CPU.ActiveCfg = Release|Any CPU
		{A4A87032-BD03-4D51-9653-3ED3803FB62B}.Release|Any CPU.Build.0 = Release|Any CPU
		{3F775F66-2C33-4725-82F4-82649423DCFB}.Debug|Any CPU.ActiveCfg = Debug|Any CPU
		{3F775F66-2C33-4725-82F4-82649423DCFB}.Debug|Any CPU.Build.0 = Debug|Any CPU
		{3F775F66-2C33-4725-82F4-82649423DCFB}.Release|Any CPU.ActiveCfg = Release|Any CPU
		{3F775F66-2C33-4725-82F4-82649423DCFB}.Release|Any CPU.Build.0 = Release|Any CPU
		{4C60C6E9-24CB-44AA-BBEE-ED59C01EDA20}.Debug|Any CPU.ActiveCfg = Debug|Any CPU
		{4C60C6E9-24CB-44AA-BBEE-ED59C01EDA20}.Debug|Any CPU.Build.0 = Debug|Any CPU
		{4C60C6E9-24CB-44AA-BBEE-ED59C01EDA20}.Release|Any CPU.ActiveCfg = Release|Any CPU
		{4C60C6E9-24CB-44AA-BBEE-ED59C01EDA20}.Release|Any CPU.Build.0 = Release|Any CPU
		{EC96FBA7-BC1E-41E6-BBC2-384692C7ED60}.Debug|Any CPU.ActiveCfg = Debug|Any CPU
		{EC96FBA7-BC1E-41E6-BBC2-384692C7ED60}.Debug|Any CPU.Build.0 = Debug|Any CPU
		{EC96FBA7-BC1E-41E6-BBC2-384692C7ED60}.Release|Any CPU.ActiveCfg = Release|Any CPU
		{EC96FBA7-BC1E-41E6-BBC2-384692C7ED60}.Release|Any CPU.Build.0 = Release|Any CPU
		{119E4450-9842-4C6E-BECE-5F11A1B73C4A}.Debug|Any CPU.ActiveCfg = Debug|Any CPU
		{119E4450-9842-4C6E-BECE-5F11A1B73C4A}.Debug|Any CPU.Build.0 = Debug|Any CPU
		{119E4450-9842-4C6E-BECE-5F11A1B73C4A}.Release|Any CPU.ActiveCfg = Release|Any CPU
		{119E4450-9842-4C6E-BECE-5F11A1B73C4A}.Release|Any CPU.Build.0 = Release|Any CPU
	EndGlobalSection
	GlobalSection(SolutionProperties) = preSolution
		HideSolutionNode = FALSE
	EndGlobalSection
	GlobalSection(ExtensibilityGlobals) = postSolution
		SolutionGuid = {BBEE6FEB-ACD4-482E-94ED-36EFD30210AD}
	EndGlobalSection
EndGlobal
